{
    "_readme": [
        "This file locks the dependencies of your project to a known state",
        "Read more about it at https://getcomposer.org/doc/01-basic-usage.md#installing-dependencies",
        "This file is @generated automatically"
    ],
    "content-hash": "e09d6f898dad912669bb54acad7c0d12",
    "packages": [
        {
            "name": "glushkovds/simplex-admin",
            "version": "dev-main",
            "source": {
                "type": "git",
                "url": "https://github.com/glushkovds/simplex-admin.git",
                "reference": "88d970894bd1d5515a2597c7698fd71c348af1ff"
            },
            "dist": {
                "type": "zip",
                "url": "https://api.github.com/repos/glushkovds/simplex-admin/zipball/88d970894bd1d5515a2597c7698fd71c348af1ff",
                "reference": "88d970894bd1d5515a2597c7698fd71c348af1ff",
                "shasum": ""
            },
            "require": {
                "ext-gd": "*",
                "glushkovds/simplex-core": "*",
                "php": ">=7.1.0"
            },
            "type": "library",
            "autoload": {
                "psr-4": {
                    "Simplex\\Admin\\": "src/Admin"
                }
            },
            "notification-url": "https://packagist.org/downloads/",
            "license": [
                "MIT"
            ],
            "authors": [
                {
                    "name": "Denis Glushkov",
                    "email": "amkarovec@gmail.com",
                    "homepage": "https://github.com/glushkovds"
                }
            ],
            "description": "Admin panel for simplex-cms",
            "homepage": "https://github.com/glushkovds/simplex-admin",
            "keywords": [
                "php",
                "simplex-admin",
                "simplex-cms"
            ],
            "time": "2020-11-01T11:44:11+00:00"
        },
        {
            "name": "glushkovds/simplex-core",
            "version": "dev-main",
            "source": {
                "type": "git",
                "url": "https://github.com/glushkovds/simplex-core.git",
                "reference": "b5f2e880a90b1f954578163dd91adf77b6f9f94f"
            },
            "dist": {
                "type": "zip",
                "url": "https://api.github.com/repos/glushkovds/simplex-core/zipball/b5f2e880a90b1f954578163dd91adf77b6f9f94f",
                "reference": "b5f2e880a90b1f954578163dd91adf77b6f9f94f",
                "shasum": ""
            },
            "require": {
                "ext-gd": "*",
                "php": ">=7.1.0"
            },
            "type": "library",
            "autoload": {
                "psr-4": {
                    "Simplex\\Core\\": "src/Core"
                }
            },
            "notification-url": "https://packagist.org/downloads/",
            "license": [
                "MIT"
            ],
            "authors": [
                {
                    "name": "Denis Glushkov",
                    "email": "amkarovec@gmail.com",
                    "homepage": "https://github.com/glushkovds"
                }
            ],
            "description": "Core for simplex-cms",
            "homepage": "https://github.com/glushkovds/simplex-core",
            "keywords": [
                "php",
                "simplex-cms",
                "simplex-core"
            ],
            "time": "2020-11-08T12:44:19+00:00"
        }
    ],
    "packages-dev": [],
    "aliases": [],
    "minimum-stability": "dev",
    "stability-flags": [],
    "prefer-stable": true,
    "prefer-lowest": false,
    "platform": {
        "php": ">=7.1.0",
        "ext-gd": "*"
    },
    "platform-dev": []
}
