{
    "_readme": [
        "This file locks the dependencies of your project to a known state",
        "Read more about it at https://getcomposer.org/doc/01-basic-usage.md#installing-dependencies",
        "This file is @generated automatically"
    ],
    "content-hash": "e09d6f898dad912669bb54acad7c0d12",
    "packages": [
        {
            "name": "glushkovds/simplex-admin",
            "version": "dev-main",
            "source": {
                "type": "git",
                "url": "https://github.com/glushkovds/simplex-admin.git",
                "reference": "6b3334193e626cf1c37f69d63cd4c614f1d3034e"
            },
            "dist": {
                "type": "zip",
                "url": "https://api.github.com/repos/glushkovds/simplex-admin/zipball/6b3334193e626cf1c37f69d63cd4c614f1d3034e",
                "reference": "6b3334193e626cf1c37f69d63cd4c614f1d3034e",
                "shasum": ""
            },
            "require": {
                "ext-gd": "*",
                "glushkovds/simplex-core": "*",
                "php": ">=7.1.0"
            },
            "default-branch": true,
            "type": "library",
            "autoload": {
                "psr-4": {
                    "Simplex\\Admin\\": "src/Admin"
                }
            },
            "notification-url": "https://packagist.org/downloads/",
            "license": [
                "MIT"
            ],
            "authors": [
                {
                    "name": "Denis Glushkov",
                    "email": "amkarovec@gmail.com",
                    "homepage": "https://github.com/glushkovds"
                }
            ],
            "description": "Admin panel for simplex-cms",
            "homepage": "https://github.com/glushkovds/simplex-admin",
            "keywords": [
                "php",
                "simplex-admin",
                "simplex-cms"
            ],
            "support": {
                "issues": "https://github.com/glushkovds/simplex-admin/issues",
                "source": "https://github.com/glushkovds/simplex-admin/tree/main"
            },
            "time": "2021-02-06T12:34:11+00:00"
        },
        {
            "name": "glushkovds/simplex-core",
            "version": "dev-main",
            "source": {
                "type": "git",
                "url": "https://github.com/glushkovds/simplex-core.git",
                "reference": "c8744ad6a8b393746ebc95832c9e6d0a6e811e78"
            },
            "dist": {
                "type": "zip",
                "url": "https://api.github.com/repos/glushkovds/simplex-core/zipball/c8744ad6a8b393746ebc95832c9e6d0a6e811e78",
                "reference": "c8744ad6a8b393746ebc95832c9e6d0a6e811e78",
                "shasum": ""
            },
            "require": {
                "ext-gd": "*",
                "ext-json": "*",
                "ext-pdo": "*",
                "php": ">=7.1.0"
            },
            "default-branch": true,
            "type": "library",
            "autoload": {
                "psr-4": {
                    "Simplex\\Core\\": "src/Core"
                }
            },
            "notification-url": "https://packagist.org/downloads/",
            "license": [
                "MIT"
            ],
            "authors": [
                {
                    "name": "Denis Glushkov",
                    "email": "amkarovec@gmail.com",
                    "homepage": "https://github.com/glushkovds"
                }
            ],
            "description": "Core for simplex-cms",
            "homepage": "https://github.com/glushkovds/simplex-core",
            "keywords": [
                "php",
                "simplex-cms",
                "simplex-core"
            ],
            "support": {
                "issues": "https://github.com/glushkovds/simplex-core/issues",
                "source": "https://github.com/glushkovds/simplex-core/tree/main"
            },
            "time": "2021-07-01T07:46:39+00:00"
        }
    ],
    "packages-dev": [],
    "aliases": [],
    "minimum-stability": "dev",
    "stability-flags": [],
    "prefer-stable": true,
    "prefer-lowest": false,
    "platform": {
        "php": ">=7.1.0",
        "ext-gd": "*"
    },
    "platform-dev": [],
    "plugin-api-version": "2.0.0"
}
