{
    "_readme": [
        "This file locks the dependencies of your project to a known state",
        "Read more about it at https://getcomposer.org/doc/01-basic-usage.md#installing-dependencies",
        "This file is @generated automatically"
    ],
    "content-hash": "0bfd0edca640c4df4246610f2b68f393",
    "packages": [
        {
            "name": "glushkovds/simplex-admin",
            "version": "dev-main",
            "source": {
                "type": "git",
                "url": "https://github.com/glushkovds/simplex-admin.git",
                "reference": "824d49eaef3ea8008973aa8e5fffce9741a32037"
            },
            "dist": {
                "type": "zip",
                "url": "https://api.github.com/repos/glushkovds/simplex-admin/zipball/824d49eaef3ea8008973aa8e5fffce9741a32037",
                "reference": "824d49eaef3ea8008973aa8e5fffce9741a32037",
                "shasum": ""
            },
            "require": {
                "ext-gd": "*",
                "glushkovds/simplex-auth": "*",
                "glushkovds/simplex-core": "*",
                "php": ">=7.1.0"
            },
            "default-branch": true,
            "type": "library",
            "autoload": {
                "psr-4": {
                    "Simplex\\Admin\\": "src/Admin"
                }
            },
            "notification-url": "https://packagist.org/downloads/",
            "license": [
                "MIT"
            ],
            "authors": [
                {
                    "name": "Denis Glushkov",
                    "email": "amkarovec@gmail.com",
                    "homepage": "https://github.com/glushkovds"
                }
            ],
            "description": "Admin panel for simplex-cms",
            "homepage": "https://github.com/glushkovds/simplex-admin",
            "keywords": [
                "php",
                "simplex-admin",
                "simplex-cms"
            ],
            "support": {
                "issues": "https://github.com/glushkovds/simplex-admin/issues",
                "source": "https://github.com/glushkovds/simplex-admin/tree/main"
            },
            "time": "2021-08-29T17:13:56+00:00"
        },
        {
            "name": "glushkovds/simplex-auth",
            "version": "dev-main",
            "source": {
                "type": "git",
                "url": "https://github.com/glushkovds/simplex-auth.git",
                "reference": "9d179ad033ba84224ebbdab3044a27425c970667"
            },
            "dist": {
                "type": "zip",
                "url": "https://api.github.com/repos/glushkovds/simplex-auth/zipball/9d179ad033ba84224ebbdab3044a27425c970667",
                "reference": "9d179ad033ba84224ebbdab3044a27425c970667",
                "shasum": ""
            },
            "require": {
                "ext-gd": "*",
                "ext-json": "*",
                "ext-pdo": "*",
                "glushkovds/simplex-core": "*",
                "php": ">=7.1.0"
            },
            "default-branch": true,
            "type": "library",
            "autoload": {
                "psr-4": {
                    "Simplex\\Auth\\": "src"
                }
            },
            "notification-url": "https://packagist.org/downloads/",
            "license": [
                "MIT"
            ],
            "authors": [
                {
                    "name": "Denis Glushkov",
                    "email": "amkarovec@gmail.com",
                    "homepage": "https://github.com/glushkovds"
                }
            ],
            "description": "Auth component for Simplex CMS",
            "homepage": "https://github.com/glushkovds/simplex-auth",
            "keywords": [
                "php",
                "simplex-auth",
                "simplex-cms",
                "simplex-core"
            ],
            "support": {
                "issues": "https://github.com/glushkovds/simplex-auth/issues",
                "source": "https://github.com/glushkovds/simplex-auth/tree/main"
            },
            "time": "2021-08-29T17:02:27+00:00"
        },
        {
            "name": "glushkovds/simplex-core",
            "version": "dev-main",
            "source": {
                "type": "git",
                "url": "https://github.com/glushkovds/simplex-core.git",
                "reference": "d1ac590eea4ed55acb1e79ca47418dc7fa422aaf"
            },
            "dist": {
                "type": "zip",
                "url": "https://api.github.com/repos/glushkovds/simplex-core/zipball/d1ac590eea4ed55acb1e79ca47418dc7fa422aaf",
                "reference": "d1ac590eea4ed55acb1e79ca47418dc7fa422aaf",
                "shasum": ""
            },
            "require": {
                "ext-gd": "*",
                "ext-json": "*",
                "ext-pdo": "*",
                "php": ">=7.1.0"
            },
            "default-branch": true,
            "type": "library",
            "autoload": {
                "psr-4": {
                    "Simplex\\Core\\": "src/Core"
                }
            },
            "notification-url": "https://packagist.org/downloads/",
            "license": [
                "MIT"
            ],
            "authors": [
                {
                    "name": "Denis Glushkov",
                    "email": "amkarovec@gmail.com",
                    "homepage": "https://github.com/glushkovds"
                }
            ],
            "description": "Core for simplex-cms",
            "homepage": "https://github.com/glushkovds/simplex-core",
            "keywords": [
                "php",
                "simplex-cms",
                "simplex-core"
            ],
            "support": {
                "issues": "https://github.com/glushkovds/simplex-core/issues",
                "source": "https://github.com/glushkovds/simplex-core/tree/main"
            },
            "time": "2021-08-29T16:45:27+00:00"
        }
    ],
    "packages-dev": [],
    "aliases": [],
    "minimum-stability": "dev",
    "stability-flags": [],
    "prefer-stable": true,
    "prefer-lowest": false,
    "platform": {
        "php": ">=7.1.0",
        "ext-gd": "*"
    },
    "platform-dev": [],
    "plugin-api-version": "2.1.0"
}
